
Microsoft Visual Studio Solution File, Format Version 12.00
# Visual Studio 15
VisualStudioVersion = 15.0.28307.489
MinimumVisualStudioVersion = 10.0.40219.1
Project("{FAE04EC0-301F-11D3-BF4B-00C04F79EFBC}") = "DFAWebApp", "WebApplication1\DFAWebApp.csproj", "{D21C59A4-C26A-43C1-848B-0A14ACE0168A}"
EndProject
Global
	GlobalSection(SolutionConfigurationPlatforms) = preSolution
		Debug|Any CPU = Debug|Any CPU
		Release|Any CPU = Release|Any CPU
	EndGlobalSection
	GlobalSection(ProjectConfigurationPlatforms) = postSolution
		{D21C59A4-C26A-43C1-848B-0A14ACE0168A}.Debug|Any CPU.ActiveCfg = Debug|Any CPU
		{D21C59A4-C26A-43C1-848B-0A14ACE0168A}.Debug|Any CPU.Build.0 = Debug|Any CPU
		{D21C59A4-C26A-43C1-848B-0A14ACE0168A}.Release|Any CPU.ActiveCfg = Release|Any CPU
		{D21C59A4-C26A-43C1-848B-0A14ACE0168A}.Release|Any CPU.Build.0 = Release|Any CPU
	EndGlobalSection
	GlobalSection(SolutionProperties) = preSolution
		HideSolutionNode = FALSE
	EndGlobalSection
	GlobalSection(ExtensibilityGlobals) = postSolution
		SolutionGuid = {96F09393-6501-4979-AF23-B52A400B7CF4}
	EndGlobalSection
EndGlobal
